
Microsoft Visual Studio Solution File, Format Version 12.00
# Visual Studio Version 17
VisualStudioVersion = 17.13.35818.85
MinimumVisualStudioVersion = 10.0.40219.1
Project("{FAE04EC0-301F-11D3-BF4B-00C04F79EFBC}") = "Aptiverse.Domain", "src\Aptiverse.Domain\Aptiverse.Domain.csproj", "{08D16E39-AEEA-453C-A059-49B1CE29FC06}"
EndProject
Project("{FAE04EC0-301F-11D3-BF4B-00C04F79EFBC}") = "Aptiverse.Application", "src\Aptiverse.Application\Aptiverse.Application.csproj", "{E0F901DA-52D4-4611-A794-5DA0EEA108EC}"
EndProject
Project("{FAE04EC0-301F-11D3-BF4B-00C04F79EFBC}") = "Aptiverse.Infrastructure", "src\Aptiverse.Infrastructure\Aptiverse.Infrastructure.csproj", "{72AE1095-022A-458B-9C37-1C5B669BC46A}"
EndProject
Project("{FAE04EC0-301F-11D3-BF4B-00C04F79EFBC}") = "Aptiverse.Core", "src\Aptiverse.Core\Aptiverse.Core.csproj", "{CE55638A-D9DE-42A2-B53D-0EC8A7D07969}"
EndProject
Project("{FAE04EC0-301F-11D3-BF4B-00C04F79EFBC}") = "Aptiverse.Benchmarks", "src\Aptiverse.Benchmarks\Aptiverse.Benchmarks.csproj", "{D65B92E9-B136-3605-3210-969D750B2369}"
EndProject
Project("{FAE04EC0-301F-11D3-BF4B-00C04F79EFBC}") = "Aptiverse.Api.Web", "src\Aptiverse.Api.Web\Aptiverse.Api.Web.csproj", "{58E0E2AC-F7C2-DBCD-2277-77715202E119}"
EndProject
Global
	GlobalSection(SolutionConfigurationPlatforms) = preSolution
		Debug|Any CPU = Debug|Any CPU
		Release|Any CPU = Release|Any CPU
	EndGlobalSection
	GlobalSection(ProjectConfigurationPlatforms) = postSolution
		{08D16E39-AEEA-453C-A059-49B1CE29FC06}.Debug|Any CPU.ActiveCfg = Debug|Any CPU
		{08D16E39-AEEA-453C-A059-49B1CE29FC06}.Debug|Any CPU.Build.0 = Debug|Any CPU
		{08D16E39-AEEA-453C-A059-49B1CE29FC06}.Release|Any CPU.ActiveCfg = Release|Any CPU
		{08D16E39-AEEA-453C-A059-49B1CE29FC06}.Release|Any CPU.Build.0 = Release|Any CPU
		{E0F901DA-52D4-4611-A794-5DA0EEA108EC}.Debug|Any CPU.ActiveCfg = Debug|Any CPU
		{E0F901DA-52D4-4611-A794-5DA0EEA108EC}.Debug|Any CPU.Build.0 = Debug|Any CPU
		{E0F901DA-52D4-4611-A794-5DA0EEA108EC}.Release|Any CPU.ActiveCfg = Release|Any CPU
		{E0F901DA-52D4-4611-A794-5DA0EEA108EC}.Release|Any CPU.Build.0 = Release|Any CPU
		{72AE1095-022A-458B-9C37-1C5B669BC46A}.Debug|Any CPU.ActiveCfg = Debug|Any CPU
		{72AE1095-022A-458B-9C37-1C5B669BC46A}.Debug|Any CPU.Build.0 = Debug|Any CPU
		{72AE1095-022A-458B-9C37-1C5B669BC46A}.Release|Any CPU.ActiveCfg = Release|Any CPU
		{72AE1095-022A-458B-9C37-1C5B669BC46A}.Release|Any CPU.Build.0 = Release|Any CPU
		{CE55638A-D9DE-42A2-B53D-0EC8A7D07969}.Debug|Any CPU.ActiveCfg = Debug|Any CPU
		{CE55638A-D9DE-42A2-B53D-0EC8A7D07969}.Debug|Any CPU.Build.0 = Debug|Any CPU
		{CE55638A-D9DE-42A2-B53D-0EC8A7D07969}.Release|Any CPU.ActiveCfg = Release|Any CPU
		{CE55638A-D9DE-42A2-B53D-0EC8A7D07969}.Release|Any CPU.Build.0 = Release|Any CPU
		{D65B92E9-B136-3605-3210-969D750B2369}.Debug|Any CPU.ActiveCfg = Debug|Any CPU
		{D65B92E9-B136-3605-3210-969D750B2369}.Debug|Any CPU.Build.0 = Debug|Any CPU
		{D65B92E9-B136-3605-3210-969D750B2369}.Release|Any CPU.ActiveCfg = Release|Any CPU
		{D65B92E9-B136-3605-3210-969D750B2369}.Release|Any CPU.Build.0 = Release|Any CPU
		{58E0E2AC-F7C2-DBCD-2277-77715202E119}.Debug|Any CPU.ActiveCfg = Debug|Any CPU
		{58E0E2AC-F7C2-DBCD-2277-77715202E119}.Debug|Any CPU.Build.0 = Debug|Any CPU
		{58E0E2AC-F7C2-DBCD-2277-77715202E119}.Release|Any CPU.ActiveCfg = Release|Any CPU
		{58E0E2AC-F7C2-DBCD-2277-77715202E119}.Release|Any CPU.Build.0 = Release|Any CPU
	EndGlobalSection
	GlobalSection(SolutionProperties) = preSolution
		HideSolutionNode = FALSE
	EndGlobalSection
	GlobalSection(ExtensibilityGlobals) = postSolution
		SolutionGuid = {C6AF125B-E013-4BB5-823E-2D57C3DF4769}
	EndGlobalSection
EndGlobal
